
Microsoft Visual Studio Solution File, Format Version 12.00
# Visual Studio Version 17
VisualStudioVersion = 17.5.33627.172
MinimumVisualStudioVersion = 10.0.40219.1
Project("{FAE04EC0-301F-11D3-BF4B-00C04F79EFBC}") = "BookmarkHostPlugin", "BookmarkHostPlugin.csproj", "{817193C0-868B-4FAF-A146-70B680D48348}"
EndProject
Global
	GlobalSection(SolutionConfigurationPlatforms) = preSolution
		Debug|Any CPU = Debug|Any CPU
		Release|Any CPU = Release|Any CPU
	EndGlobalSection
	GlobalSection(ProjectConfigurationPlatforms) = postSolution
		{817193C0-868B-4FAF-A146-70B680D48348}.Debug|Any CPU.ActiveCfg = Debug|Any CPU
		{817193C0-868B-4FAF-A146-70B680D48348}.Debug|Any CPU.Build.0 = Debug|Any CPU
		{817193C0-868B-4FAF-A146-70B680D48348}.Release|Any CPU.ActiveCfg = Release|Any CPU
		{817193C0-868B-4FAF-A146-70B680D48348}.Release|Any CPU.Build.0 = Release|Any CPU
	EndGlobalSection
	GlobalSection(SolutionProperties) = preSolution
		HideSolutionNode = FALSE
	EndGlobalSection
	GlobalSection(ExtensibilityGlobals) = postSolution
		SolutionGuid = {CBE0C4FF-3B5E-4459-9606-868DD46B3F1E}
	EndGlobalSection
EndGlobal
